
Microsoft Visual Studio Solution File, Format Version 12.00
# Visual Studio 15
VisualStudioVersion = 15.0.27004.2002
MinimumVisualStudioVersion = 10.0.40219.1
Project("{FAE04EC0-301F-11D3-BF4B-00C04F79EFBC}") = "TerbilangLibrary", "TerbilangLibrary\TerbilangLibrary.csproj", "{CB4C9D47-5182-409B-B11E-CADE5EB206BB}"
EndProject
Project("{FAE04EC0-301F-11D3-BF4B-00C04F79EFBC}") = "TerbilangApp", "TerbilangApp\TerbilangApp.csproj", "{2873814B-2393-4A3D-8A30-E02690679470}"
EndProject
Global
	GlobalSection(SolutionConfigurationPlatforms) = preSolution
		Debug|Any CPU = Debug|Any CPU
		Release|Any CPU = Release|Any CPU
	EndGlobalSection
	GlobalSection(ProjectConfigurationPlatforms) = postSolution
		{CB4C9D47-5182-409B-B11E-CADE5EB206BB}.Debug|Any CPU.ActiveCfg = Debug|Any CPU
		{CB4C9D47-5182-409B-B11E-CADE5EB206BB}.Debug|Any CPU.Build.0 = Debug|Any CPU
		{CB4C9D47-5182-409B-B11E-CADE5EB206BB}.Release|Any CPU.ActiveCfg = Release|Any CPU
		{CB4C9D47-5182-409B-B11E-CADE5EB206BB}.Release|Any CPU.Build.0 = Release|Any CPU
		{2873814B-2393-4A3D-8A30-E02690679470}.Debug|Any CPU.ActiveCfg = Debug|Any CPU
		{2873814B-2393-4A3D-8A30-E02690679470}.Debug|Any CPU.Build.0 = Debug|Any CPU
		{2873814B-2393-4A3D-8A30-E02690679470}.Release|Any CPU.ActiveCfg = Release|Any CPU
		{2873814B-2393-4A3D-8A30-E02690679470}.Release|Any CPU.Build.0 = Release|Any CPU
	EndGlobalSection
	GlobalSection(SolutionProperties) = preSolution
		HideSolutionNode = FALSE
	EndGlobalSection
	GlobalSection(ExtensibilityGlobals) = postSolution
		SolutionGuid = {AE90BF7B-B2EF-4F21-8631-6082C4F6C019}
	EndGlobalSection
EndGlobal
